
Microsoft Visual Studio Solution File, Format Version 11.00
# Visual Studio 2010
Project("{FAE04EC0-301F-11D3-BF4B-00C04F79EFBC}") = "nabarde havayi", "nabarde havayi\nabarde havayi\nabarde havayi.csproj", "{FF9F4DAC-4F3C-406A-BC0E-9F560341998D}"
EndProject
Project("{FAE04EC0-301F-11D3-BF4B-00C04F79EFBC}") = "nabarde havayiContent", "nabarde havayi\nabarde havayiContent\nabarde havayiContent.contentproj", "{0B2DC0BA-CF85-433D-A1CC-0EA6B187A7C0}"
EndProject
Global
	GlobalSection(SolutionConfigurationPlatforms) = preSolution
		Debug|x86 = Debug|x86
		Release|x86 = Release|x86
	EndGlobalSection
	GlobalSection(ProjectConfigurationPlatforms) = postSolution
		{FF9F4DAC-4F3C-406A-BC0E-9F560341998D}.Debug|x86.ActiveCfg = Debug|x86
		{FF9F4DAC-4F3C-406A-BC0E-9F560341998D}.Debug|x86.Build.0 = Debug|x86
		{FF9F4DAC-4F3C-406A-BC0E-9F560341998D}.Release|x86.ActiveCfg = Release|x86
		{FF9F4DAC-4F3C-406A-BC0E-9F560341998D}.Release|x86.Build.0 = Release|x86
		{0B2DC0BA-CF85-433D-A1CC-0EA6B187A7C0}.Debug|x86.ActiveCfg = Debug|x86
		{0B2DC0BA-CF85-433D-A1CC-0EA6B187A7C0}.Release|x86.ActiveCfg = Release|x86
	EndGlobalSection
	GlobalSection(SolutionProperties) = preSolution
		HideSolutionNode = FALSE
	EndGlobalSection
EndGlobal
